
Microsoft Visual Studio Solution File, Format Version 12.00
# Visual Studio 15
Project("{FAE04EC0-301F-11D3-BF4B-00C04F79EFBC}") = "Assembly-CSharp", "Assembly-CSharp.csproj", "{17DC1715-E18B-DE30-3A81-51FAB795EF7C}"
EndProject
Global
	GlobalSection(SolutionConfigurationPlatforms) = preSolution
		Debug|Any CPU = Debug|Any CPU
		Release|Any CPU = Release|Any CPU
	EndGlobalSection
	GlobalSection(ProjectConfigurationPlatforms) = postSolution
		{17DC1715-E18B-DE30-3A81-51FAB795EF7C}.Debug|Any CPU.ActiveCfg = Debug|Any CPU
		{17DC1715-E18B-DE30-3A81-51FAB795EF7C}.Debug|Any CPU.Build.0 = Debug|Any CPU
		{17DC1715-E18B-DE30-3A81-51FAB795EF7C}.Release|Any CPU.ActiveCfg = Release|Any CPU
		{17DC1715-E18B-DE30-3A81-51FAB795EF7C}.Release|Any CPU.Build.0 = Release|Any CPU
	EndGlobalSection
	GlobalSection(SolutionProperties) = preSolution
		HideSolutionNode = FALSE
	EndGlobalSection
EndGlobal
